
Microsoft Visual Studio Solution File, Format Version 12.00
# Visual Studio 15
VisualStudioVersion = 15.0.27130.2010
MinimumVisualStudioVersion = 10.0.40219.1
Project("{FAE04EC0-301F-11D3-BF4B-00C04F79EFBC}") = "CoffemanBot", "CoffemanBot\CoffemanBot.csproj", "{FCE58D8F-25AA-4B9D-A124-C9673FAD427D}"
EndProject
Global
	GlobalSection(SolutionConfigurationPlatforms) = preSolution
		Debug|Any CPU = Debug|Any CPU
		Release|Any CPU = Release|Any CPU
	EndGlobalSection
	GlobalSection(ProjectConfigurationPlatforms) = postSolution
		{FCE58D8F-25AA-4B9D-A124-C9673FAD427D}.Debug|Any CPU.ActiveCfg = Debug|Any CPU
		{FCE58D8F-25AA-4B9D-A124-C9673FAD427D}.Debug|Any CPU.Build.0 = Debug|Any CPU
		{FCE58D8F-25AA-4B9D-A124-C9673FAD427D}.Release|Any CPU.ActiveCfg = Release|Any CPU
		{FCE58D8F-25AA-4B9D-A124-C9673FAD427D}.Release|Any CPU.Build.0 = Release|Any CPU
	EndGlobalSection
	GlobalSection(SolutionProperties) = preSolution
		HideSolutionNode = FALSE
	EndGlobalSection
	GlobalSection(ExtensibilityGlobals) = postSolution
		SolutionGuid = {FF9FB01A-958B-44B3-BE7A-630C5CC9DEA2}
	EndGlobalSection
EndGlobal
